github.com/David-Antunes/gone-proxy v1.0.0 h1:9bPd03W6JXkmUkxCS+nLTUowPP0r8gJcx+NqE5pLWDM=
github.com/David-Antunes/gone-proxy v1.0.0/go.mod h1:c96av/hfdY5+ltJc41cMpXG2Hymp22po8CxVb9/6Efs=
github.com/David-Antunes/gone-proxy v1.0.1 h1:mAukZ5XnvkKMZO53DL4aJcCgSl8oOACQ71zBl3gtS4g=
github.com/David-Antunes/gone-proxy v1.0.1/go.mod h1:RjxAgLVFc9wDT1Tt5v1YjeXks8QHuZ0Y22yKG29WU7c=
